Microsoft Visual Studio Solution File, Format Version 11.00
# Visual Studio 2008

Project("{C2CDBF70-D923-6004-8062-2417E3395E4F}") = "mousemove0517", "Assembly-CSharp.csproj", "{46A7F47A-B7E2-E5B7-7945-A2352FF14573}"
EndProject
Global
	GlobalSection(SolutionConfigurationPlatforms) = preSolution
		Debug|Any CPU = Debug|Any CPU
		Release|Any CPU = Release|Any CPU
	EndGlobalSection
	GlobalSection(ProjectConfigurationPlatforms) = postSolution
		{46A7F47A-B7E2-E5B7-7945-A2352FF14573}.Debug|Any CPU.ActiveCfg = Debug|Any CPU
		{46A7F47A-B7E2-E5B7-7945-A2352FF14573}.Debug|Any CPU.Build.0 = Debug|Any CPU
		{46A7F47A-B7E2-E5B7-7945-A2352FF14573}.Release|Any CPU.ActiveCfg = Release|Any CPU
		{46A7F47A-B7E2-E5B7-7945-A2352FF14573}.Release|Any CPU.Build.0 = Release|Any CPU
	EndGlobalSection
	GlobalSection(SolutionProperties) = preSolution
		HideSolutionNode = FALSE
	EndGlobalSection
	GlobalSection(MonoDevelopProperties) = preSolution
		StartupItem = Assembly-CSharp.csproj
	EndGlobalSection
EndGlobal
