Microsoft Visual Studio Solution File, Format Version 11.00
# Visual Studio 2008

Project("{62A8334A-E880-01BA-620A-F88CAADAF3EA}") = "mousemove9016", "Assembly-CSharp.csproj", "{A83B0477-7FD5-C35E-1891-AA1FA42894DE}"
EndProject
Project("{62A8334A-E880-01BA-620A-F88CAADAF3EA}") = "mousemove9016", "Assembly-UnityScript-firstpass.unityproj", "{5CD7CC5A-FFB2-0C4F-E608-1FAD7EE79669}"
EndProject
Project("{62A8334A-E880-01BA-620A-F88CAADAF3EA}") = "mousemove9016", "Assembly-UnityScript.unityproj", "{4561C5C4-E8D2-A74F-D151-A723F7C39B47}"
EndProject
Global
	GlobalSection(SolutionConfigurationPlatforms) = preSolution
		Debug|Any CPU = Debug|Any CPU
		Release|Any CPU = Release|Any CPU
	EndGlobalSection
	GlobalSection(ProjectConfigurationPlatforms) = postSolution
		{A83B0477-7FD5-C35E-1891-AA1FA42894DE}.Debug|Any CPU.ActiveCfg = Debug|Any CPU
		{A83B0477-7FD5-C35E-1891-AA1FA42894DE}.Debug|Any CPU.Build.0 = Debug|Any CPU
		{A83B0477-7FD5-C35E-1891-AA1FA42894DE}.Release|Any CPU.ActiveCfg = Release|Any CPU
		{A83B0477-7FD5-C35E-1891-AA1FA42894DE}.Release|Any CPU.Build.0 = Release|Any CPU
		{5CD7CC5A-FFB2-0C4F-E608-1FAD7EE79669}.Debug|Any CPU.ActiveCfg = Debug|Any CPU
		{5CD7CC5A-FFB2-0C4F-E608-1FAD7EE79669}.Debug|Any CPU.Build.0 = Debug|Any CPU
		{5CD7CC5A-FFB2-0C4F-E608-1FAD7EE79669}.Release|Any CPU.ActiveCfg = Release|Any CPU
		{5CD7CC5A-FFB2-0C4F-E608-1FAD7EE79669}.Release|Any CPU.Build.0 = Release|Any CPU
		{4561C5C4-E8D2-A74F-D151-A723F7C39B47}.Debug|Any CPU.ActiveCfg = Debug|Any CPU
		{4561C5C4-E8D2-A74F-D151-A723F7C39B47}.Debug|Any CPU.Build.0 = Debug|Any CPU
		{4561C5C4-E8D2-A74F-D151-A723F7C39B47}.Release|Any CPU.ActiveCfg = Release|Any CPU
		{4561C5C4-E8D2-A74F-D151-A723F7C39B47}.Release|Any CPU.Build.0 = Release|Any CPU
	EndGlobalSection
	GlobalSection(SolutionProperties) = preSolution
		HideSolutionNode = FALSE
	EndGlobalSection
	GlobalSection(MonoDevelopProperties) = preSolution
		StartupItem = Assembly-CSharp.csproj
		Policies = $0
		$0.TextStylePolicy = $1
		$1.inheritsSet = null
		$1.scope = text/x-csharp
		$0.CSharpFormattingPolicy = $2
		$2.inheritsSet = Mono
		$2.inheritsScope = text/x-csharp
		$2.scope = text/x-csharp
		$0.TextStylePolicy = $3
		$3.FileWidth = 120
		$3.TabWidth = 4
		$3.EolMarker = Unix
		$3.inheritsSet = Mono
		$3.inheritsScope = text/plain
		$3.scope = text/plain
	EndGlobalSection
EndGlobal
