Microsoft Visual Studio Solution File, Format Version 11.00
# Visual Studio 2008

Project("{C6F07672-6FDF-A384-A2AB-5DEFC4396F21}") = "mousemove9017", "Assembly-CSharp.csproj", "{CFB68F03-057A-2B1F-2CBD-6FE49805124E}"
EndProject
Project("{C6F07672-6FDF-A384-A2AB-5DEFC4396F21}") = "mousemove9017", "Assembly-UnityScript-firstpass.unityproj", "{6D362D09-75E3-FE39-EC25-D0D5CA4250C6}"
EndProject
Project("{C6F07672-6FDF-A384-A2AB-5DEFC4396F21}") = "mousemove9017", "Assembly-UnityScript.unityproj", "{DA4CB885-3A62-FE8C-3618-62C1DBAEDD40}"
EndProject
Global
	GlobalSection(SolutionConfigurationPlatforms) = preSolution
		Debug|Any CPU = Debug|Any CPU
		Release|Any CPU = Release|Any CPU
	EndGlobalSection
	GlobalSection(ProjectConfigurationPlatforms) = postSolution
		{CFB68F03-057A-2B1F-2CBD-6FE49805124E}.Debug|Any CPU.ActiveCfg = Debug|Any CPU
		{CFB68F03-057A-2B1F-2CBD-6FE49805124E}.Debug|Any CPU.Build.0 = Debug|Any CPU
		{CFB68F03-057A-2B1F-2CBD-6FE49805124E}.Release|Any CPU.ActiveCfg = Release|Any CPU
		{CFB68F03-057A-2B1F-2CBD-6FE49805124E}.Release|Any CPU.Build.0 = Release|Any CPU
		{6D362D09-75E3-FE39-EC25-D0D5CA4250C6}.Debug|Any CPU.ActiveCfg = Debug|Any CPU
		{6D362D09-75E3-FE39-EC25-D0D5CA4250C6}.Debug|Any CPU.Build.0 = Debug|Any CPU
		{6D362D09-75E3-FE39-EC25-D0D5CA4250C6}.Release|Any CPU.ActiveCfg = Release|Any CPU
		{6D362D09-75E3-FE39-EC25-D0D5CA4250C6}.Release|Any CPU.Build.0 = Release|Any CPU
		{DA4CB885-3A62-FE8C-3618-62C1DBAEDD40}.Debug|Any CPU.ActiveCfg = Debug|Any CPU
		{DA4CB885-3A62-FE8C-3618-62C1DBAEDD40}.Debug|Any CPU.Build.0 = Debug|Any CPU
		{DA4CB885-3A62-FE8C-3618-62C1DBAEDD40}.Release|Any CPU.ActiveCfg = Release|Any CPU
		{DA4CB885-3A62-FE8C-3618-62C1DBAEDD40}.Release|Any CPU.Build.0 = Release|Any CPU
	EndGlobalSection
	GlobalSection(SolutionProperties) = preSolution
		HideSolutionNode = FALSE
	EndGlobalSection
				GlobalSection(MonoDevelopProperties) = preSolution
		StartupItem = Assembly-CSharp.csproj
		Policies = $0
		$0.TextStylePolicy = $1
		$1.inheritsSet = null
		$1.scope = text/x-csharp
		$0.CSharpFormattingPolicy = $2
		$2.inheritsSet = Mono
		$2.inheritsScope = text/x-csharp
		$2.scope = text/x-csharp
		$0.TextStylePolicy = $3
		$3.FileWidth = 120
		$3.TabWidth = 4
		$3.EolMarker = Unix
		$3.inheritsSet = Mono
		$3.inheritsScope = text/plain
		$3.scope = text/plain
	EndGlobalSection

EndGlobal
