Microsoft Visual Studio Solution File, Format Version 11.00
# Visual Studio 2008

Project("{42C8E188-E9EC-8429-3EA8-776C815EE0FA}") = "mousemove0706", "Assembly-CSharp.csproj", "{8902C4ED-7F12-9997-D92F-CDF7C34659F4}"
EndProject
Global
	GlobalSection(SolutionConfigurationPlatforms) = preSolution
		Debug|Any CPU = Debug|Any CPU
		Release|Any CPU = Release|Any CPU
	EndGlobalSection
	GlobalSection(ProjectConfigurationPlatforms) = postSolution
		{8902C4ED-7F12-9997-D92F-CDF7C34659F4}.Debug|Any CPU.ActiveCfg = Debug|Any CPU
		{8902C4ED-7F12-9997-D92F-CDF7C34659F4}.Debug|Any CPU.Build.0 = Debug|Any CPU
		{8902C4ED-7F12-9997-D92F-CDF7C34659F4}.Release|Any CPU.ActiveCfg = Release|Any CPU
		{8902C4ED-7F12-9997-D92F-CDF7C34659F4}.Release|Any CPU.Build.0 = Release|Any CPU
	EndGlobalSection
	GlobalSection(SolutionProperties) = preSolution
		HideSolutionNode = FALSE
	EndGlobalSection
	GlobalSection(MonoDevelopProperties) = preSolution
		StartupItem = Assembly-CSharp.csproj
	EndGlobalSection
EndGlobal
